
Microsoft Visual Studio Solution File, Format Version 12.00
# Visual Studio Version 17
VisualStudioVersion = 17.13.35913.81 d17.13
MinimumVisualStudioVersion = 10.0.40219.1
Project("{FAE04EC0-301F-11D3-BF4B-00C04F79EFBC}") = "lab2_11", "lab2_11\lab2_11.csproj", "{ABB00BF5-642A-4B25-B14F-E068AD0B658F}"
EndProject
Global
	GlobalSection(SolutionConfigurationPlatforms) = preSolution
		Debug|Any CPU = Debug|Any CPU
		Release|Any CPU = Release|Any CPU
	EndGlobalSection
	GlobalSection(ProjectConfigurationPlatforms) = postSolution
		{ABB00BF5-642A-4B25-B14F-E068AD0B658F}.Debug|Any CPU.ActiveCfg = Debug|Any CPU
		{ABB00BF5-642A-4B25-B14F-E068AD0B658F}.Debug|Any CPU.Build.0 = Debug|Any CPU
		{ABB00BF5-642A-4B25-B14F-E068AD0B658F}.Release|Any CPU.ActiveCfg = Release|Any CPU
		{ABB00BF5-642A-4B25-B14F-E068AD0B658F}.Release|Any CPU.Build.0 = Release|Any CPU
	EndGlobalSection
	GlobalSection(SolutionProperties) = preSolution
		HideSolutionNode = FALSE
	EndGlobalSection
	GlobalSection(ExtensibilityGlobals) = postSolution
		SolutionGuid = {3304BC6D-FE71-4C9A-86C5-94EA58B7ABF9}
	EndGlobalSection
EndGlobal
